# @generated - this file is auto-generated by `mise lock` https://mise.jdx.dev/dev-tools/mise-lock.html

[[tools.bun]]
version = "1.4.2"
backend = "core:bun"

[tools.bun."platforms.linux-arm64"]
checksum = "sha256:54328bbc2d9c8e0c9f892c544d66c57a83b84139e34909e5ee81758f1ac8fda7"
url = "https://github.com/oven-sh/bun/releases/download/bun-v1.4.2/bun-linux-aarch64.zip"

[tools.bun."platforms.linux-arm64-musl"]
checksum = "sha256:71760b6c8ea30623b81a4907cb815d48e2ea266f2e73e751534a44a0607950df"
url = "https://github.com/oven-sh/bun/releases/download/bun-v1.4.2/bun-linux-aarch64-musl.zip"

[tools.bun."platforms.linux-x64"]
checksum = "sha256:36368faef7527875d5ffa52e53cd48021741f2a83eb6208a8dd64068d422a913"
url = "https://github.com/oven-sh/bun/releases/download/bun-v1.4.2/bun-linux-x64.zip"

[tools.bun."platforms.linux-x64-baseline"]
checksum = "sha256:c678040f14fe0440eb839d37cbd0ce4c051a32da72806ac97de6a6aab6bf728f"
url = "https://github.com/oven-sh/bun/releases/download/bun-v1.4.2/bun-linux-x64-baseline.zip"

[tools.bun."platforms.linux-x64-musl"]
checksum = "sha256:4835eca59d6da70f4674f5642f6e459dcadab773695b2ed9922d131057989742"
url = "https://github.com/oven-sh/bun/releases/download/bun-v1.4.2/bun-linux-x64-musl.zip"

[tools.bun."platforms.linux-x64-musl-baseline"]
checksum = "sha256:76e1db84e98f22f78de0a87e309bfbbf297732847f9720db36750646c85c8c18"
url = "https://github.com/oven-sh/bun/releases/download/bun-v1.4.2/bun-linux-x64-musl-baseline.zip"

[tools.bun."platforms.macos-arm64"]
checksum = "sha256:90987a3a16d7db556d886ac3d551e7b6d3edf0a1cf43acaed622e8676be1d12f"
url = "https://github.com/oven-sh/bun/releases/download/bun-v1.4.2/bun-darwin-aarch64.zip"

[tools.bun."platforms.macos-x64"]
checksum = "sha256:80520d7e17526308c9185d261679ac6d27798d3803a0e9f7ff9121ab8affb012"
url = "https://github.com/oven-sh/bun/releases/download/bun-v1.4.2/bun-darwin-x64.zip"

[tools.bun."platforms.macos-x64-baseline"]
checksum = "sha256:bad5bbd6cf14d0980d115f5954c9ff904df619d5e994d2da1ffccd3f316300b0"
url = "https://github.com/oven-sh/bun/releases/download/bun-v1.4.2/bun-darwin-x64-baseline.zip"

[tools.bun."platforms.windows-x64"]
checksum = "sha256:ce4c17497b2f29712a99d3d53f028de28cd42e3bacb8589599e7f000e49b6405"
url = "https://github.com/oven-sh/bun/releases/download/bun-v1.4.2/bun-windows-x64.zip"

[tools.bun."platforms.windows-x64-baseline"]
checksum = "sha256:78c221c2376f79731ccf4e4af0b3bb46d81fefa3296c5abee09ad8a1b21e68c6"
url = "https://github.com/oven-sh/bun/releases/download/bun-v1.4.2/bun-windows-x64-baseline.zip"

[[tools."cargo:cargo-nextest"]]
version = "0.9.146"
backend = "cargo:cargo-nextest"

[[tools."github:rustwasm/wasm-pack"]]
version = "0.15.0"
backend = "github:rustwasm/wasm-pack"

[tools."github:rustwasm/wasm-pack"."platforms.linux-arm64"]
checksum = "sha256:e17ef0806381c3a0acb9c9ddad643a49facaa5a2ecf657a421d4d8f3357a24b7"
url = "https://github.com/wasm-bindgen/wasm-pack/releases/download/v0.15.0/wasm-pack-v0.15.0-aarch64-unknown-linux-musl.tar.gz"
url_api = "https://api.github.com/repos/wasm-bindgen/wasm-pack/releases/assets/420850444"

[tools."github:rustwasm/wasm-pack"."platforms.linux-arm64-musl"]
checksum = "sha256:e17ef0806381c3a0acb9c9ddad643a49facaa5a2ecf657a421d4d8f3357a24b7"
url = "https://github.com/wasm-bindgen/wasm-pack/releases/download/v0.15.0/wasm-pack-v0.15.0-aarch64-unknown-linux-musl.tar.gz"
url_api = "https://api.github.com/repos/wasm-bindgen/wasm-pack/releases/assets/420850444"

[tools."github:rustwasm/wasm-pack"."platforms.linux-x64"]
checksum = "sha256:c09f971ecaed9a2efc80fdcea7a00ef6b53c7fadc8c57d1f61b53a6aa66b668a"
url = "https://github.com/wasm-bindgen/wasm-pack/releases/download/v0.15.0/wasm-pack-v0.15.0-x86_64-unknown-linux-musl.tar.gz"
url_api = "https://api.github.com/repos/wasm-bindgen/wasm-pack/releases/assets/420850440"

[tools."github:rustwasm/wasm-pack"."platforms.linux-x64-baseline"]
checksum = "sha256:c09f971ecaed9a2efc80fdcea7a00ef6b53c7fadc8c57d1f61b53a6aa66b668a"
url = "https://github.com/wasm-bindgen/wasm-pack/releases/download/v0.15.0/wasm-pack-v0.15.0-x86_64-unknown-linux-musl.tar.gz"
url_api = "https://api.github.com/repos/wasm-bindgen/wasm-pack/releases/assets/420850440"

[tools."github:rustwasm/wasm-pack"."platforms.linux-x64-musl"]
checksum = "sha256:c09f971ecaed9a2efc80fdcea7a00ef6b53c7fadc8c57d1f61b53a6aa66b668a"
url = "https://github.com/wasm-bindgen/wasm-pack/releases/download/v0.15.0/wasm-pack-v0.15.0-x86_64-unknown-linux-musl.tar.gz"
url_api = "https://api.github.com/repos/wasm-bindgen/wasm-pack/releases/assets/420850440"

[tools."github:rustwasm/wasm-pack"."platforms.linux-x64-musl-baseline"]
checksum = "sha256:c09f971ecaed9a2efc80fdcea7a00ef6b53c7fadc8c57d1f61b53a6aa66b668a"
url = "https://github.com/wasm-bindgen/wasm-pack/releases/download/v0.15.0/wasm-pack-v0.15.0-x86_64-unknown-linux-musl.tar.gz"
url_api = "https://api.github.com/repos/wasm-bindgen/wasm-pack/releases/assets/420850440"

[tools."github:rustwasm/wasm-pack"."platforms.macos-arm64"]
checksum = "sha256:0abff4a03d670b6c00ea31d0e1608a72407e355f3d3765e9c30eb45cd5b7e318"
url = "https://github.com/wasm-bindgen/wasm-pack/releases/download/v0.15.0/wasm-pack-v0.15.0-aarch64-apple-darwin.tar.gz"
url_api = "https://api.github.com/repos/wasm-bindgen/wasm-pack/releases/assets/420850469"

[tools."github:rustwasm/wasm-pack"."platforms.macos-x64"]
checksum = "sha256:d3f1a4a33e95f8f0d7801b024e08624c479999ac96aa150908b2394015cd0363"
url = "https://github.com/wasm-bindgen/wasm-pack/releases/download/v0.15.0/wasm-pack-v0.15.0-x86_64-apple-darwin.tar.gz"
url_api = "https://api.github.com/repos/wasm-bindgen/wasm-pack/releases/assets/420850460"

[tools."github:rustwasm/wasm-pack"."platforms.macos-x64-baseline"]
checksum = "sha256:d3f1a4a33e95f8f0d7801b024e08624c479999ac96aa150908b2394015cd0363"
url = "https://github.com/wasm-bindgen/wasm-pack/releases/download/v0.15.0/wasm-pack-v0.15.0-x86_64-apple-darwin.tar.gz"
url_api = "https://api.github.com/repos/wasm-bindgen/wasm-pack/releases/assets/420850460"

[tools."github:rustwasm/wasm-pack"."platforms.windows-x64"]
checksum = "sha256:518dc51180c7bc864699c9279b3bc99025bc109123e0249a34ba34d130a509bf"
url = "https://github.com/wasm-bindgen/wasm-pack/releases/download/v0.15.0/wasm-pack-v0.15.0-x86_64-pc-windows-msvc.tar.gz"
url_api = "https://api.github.com/repos/wasm-bindgen/wasm-pack/releases/assets/420850448"

[tools."github:rustwasm/wasm-pack"."platforms.windows-x64-baseline"]
checksum = "sha256:518dc51180c7bc864699c9279b3bc99025bc109123e0249a34ba34d130a509bf"
url = "https://github.com/wasm-bindgen/wasm-pack/releases/download/v0.15.0/wasm-pack-v0.15.0-x86_64-pc-windows-msvc.tar.gz"
url_api = "https://api.github.com/repos/wasm-bindgen/wasm-pack/releases/assets/420850448"

[[tools.prek]]
version = "0.5.4"
backend = "aqua:j178/prek"

[tools.prek."platforms.linux-arm64"]
checksum = "sha256:5ba9d0dc3d4add8cc2c569f4fa27b56d6a042a59f6ee008ec9d7790cece5a200"
url = "https://github.com/j178/prek/releases/download/v0.5.4/prek-aarch64-unknown-linux-musl.tar.gz"
url_api = "https://api.github.com/repos/j178/prek/releases/assets/594534949"
provenance = "github-attestations"

[tools.prek."platforms.linux-arm64-musl"]
checksum = "sha256:5ba9d0dc3d4add8cc2c569f4fa27b56d6a042a59f6ee008ec9d7790cece5a200"
url = "https://github.com/j178/prek/releases/download/v0.5.4/prek-aarch64-unknown-linux-musl.tar.gz"
url_api = "https://api.github.com/repos/j178/prek/releases/assets/594534949"
provenance = "github-attestations"

[tools.prek."platforms.linux-x64"]
checksum = "sha256:805632185f4539ca2eb0fd1b3b52ea842cecbc4ba1e749be430df948621353b0"
url = "https://github.com/j178/prek/releases/download/v0.5.4/prek-x86_64-unknown-linux-musl.tar.gz"
url_api = "https://api.github.com/repos/j178/prek/releases/assets/594535002"
provenance = "github-attestations"

[tools.prek."platforms.linux-x64-baseline"]
checksum = "sha256:805632185f4539ca2eb0fd1b3b52ea842cecbc4ba1e749be430df948621353b0"
url = "https://github.com/j178/prek/releases/download/v0.5.4/prek-x86_64-unknown-linux-musl.tar.gz"
url_api = "https://api.github.com/repos/j178/prek/releases/assets/594535002"
provenance = "github-attestations"

[tools.prek."platforms.linux-x64-musl"]
checksum = "sha256:805632185f4539ca2eb0fd1b3b52ea842cecbc4ba1e749be430df948621353b0"
url = "https://github.com/j178/prek/releases/download/v0.5.4/prek-x86_64-unknown-linux-musl.tar.gz"
url_api = "https://api.github.com/repos/j178/prek/releases/assets/594535002"
provenance = "github-attestations"

[tools.prek."platforms.linux-x64-musl-baseline"]
checksum = "sha256:805632185f4539ca2eb0fd1b3b52ea842cecbc4ba1e749be430df948621353b0"
url = "https://github.com/j178/prek/releases/download/v0.5.4/prek-x86_64-unknown-linux-musl.tar.gz"
url_api = "https://api.github.com/repos/j178/prek/releases/assets/594535002"
provenance = "github-attestations"

[tools.prek."platforms.macos-arm64"]
checksum = "sha256:88eec06dd10fd61a9b345223fafc9bedb6746ee4cc47377551239d89d752b365"
url = "https://github.com/j178/prek/releases/download/v0.5.4/prek-aarch64-apple-darwin.tar.gz"
url_api = "https://api.github.com/repos/j178/prek/releases/assets/594534934"
provenance = "github-attestations"

[tools.prek."platforms.macos-x64"]
checksum = "sha256:bc3ddd3a5686fa97120ec2d09db9e7353df4311a85e7b00944342ddd9c4a2035"
url = "https://github.com/j178/prek/releases/download/v0.5.4/prek-x86_64-apple-darwin.tar.gz"
url_api = "https://api.github.com/repos/j178/prek/releases/assets/594534978"
provenance = "github-attestations"

[tools.prek."platforms.macos-x64-baseline"]
checksum = "sha256:bc3ddd3a5686fa97120ec2d09db9e7353df4311a85e7b00944342ddd9c4a2035"
url = "https://github.com/j178/prek/releases/download/v0.5.4/prek-x86_64-apple-darwin.tar.gz"
url_api = "https://api.github.com/repos/j178/prek/releases/assets/594534978"
provenance = "github-attestations"

[tools.prek."platforms.windows-x64"]
checksum = "sha256:244bc3eeade60a0ee586dfe9f5c90bd1c1d790514009aad2c7055dcb731a3e50"
url = "https://github.com/j178/prek/releases/download/v0.5.4/prek-x86_64-pc-windows-msvc.zip"
url_api = "https://api.github.com/repos/j178/prek/releases/assets/594534981"
provenance = "github-attestations"

[tools.prek."platforms.windows-x64-baseline"]
checksum = "sha256:244bc3eeade60a0ee586dfe9f5c90bd1c1d790514009aad2c7055dcb731a3e50"
url = "https://github.com/j178/prek/releases/download/v0.5.4/prek-x86_64-pc-windows-msvc.zip"
url_api = "https://api.github.com/repos/j178/prek/releases/assets/594534981"
provenance = "github-attestations"

[[tools.rust]]
version = "1.98.1"
backend = "core:rust"

[[tools.uv]]
version = "0.12.21"
backend = "aqua:astral-sh/uv"

[tools.uv."platforms.linux-arm64"]
checksum = "sha256:67389a674e62adffa5a395d9a3b80688731c4aa7b33a6def3e62d00f7fec821f"
url = "https://github.com/astral-sh/uv/releases/download/0.12.21/uv-aarch64-unknown-linux-musl.tar.gz"
url_api = "https://api.github.com/repos/astral-sh/uv/releases/assets/599237864"
provenance = "github-attestations"

[tools.uv."platforms.linux-arm64-musl"]
checksum = "sha256:67389a674e62adffa5a395d9a3b80688731c4aa7b33a6def3e62d00f7fec821f"
url = "https://github.com/astral-sh/uv/releases/download/0.12.21/uv-aarch64-unknown-linux-musl.tar.gz"
url_api = "https://api.github.com/repos/astral-sh/uv/releases/assets/599237864"
provenance = "github-attestations"

[tools.uv."platforms.linux-x64"]
checksum = "sha256:d69d543a55ec9cdf9d3d9f2648b0a161847e3dbddc477e3be6b5813a6d46f639"
url = "https://github.com/astral-sh/uv/releases/download/0.12.21/uv-x86_64-unknown-linux-musl.tar.gz"
url_api = "https://api.github.com/repos/astral-sh/uv/releases/assets/599238034"
provenance = "github-attestations"

[tools.uv."platforms.linux-x64-baseline"]
checksum = "sha256:d69d543a55ec9cdf9d3d9f2648b0a161847e3dbddc477e3be6b5813a6d46f639"
url = "https://github.com/astral-sh/uv/releases/download/0.12.21/uv-x86_64-unknown-linux-musl.tar.gz"
url_api = "https://api.github.com/repos/astral-sh/uv/releases/assets/599238034"
provenance = "github-attestations"

[tools.uv."platforms.linux-x64-musl"]
checksum = "sha256:d69d543a55ec9cdf9d3d9f2648b0a161847e3dbddc477e3be6b5813a6d46f639"
url = "https://github.com/astral-sh/uv/releases/download/0.12.21/uv-x86_64-unknown-linux-musl.tar.gz"
url_api = "https://api.github.com/repos/astral-sh/uv/releases/assets/599238034"
provenance = "github-attestations"

[tools.uv."platforms.linux-x64-musl-baseline"]
checksum = "sha256:d69d543a55ec9cdf9d3d9f2648b0a161847e3dbddc477e3be6b5813a6d46f639"
url = "https://github.com/astral-sh/uv/releases/download/0.12.21/uv-x86_64-unknown-linux-musl.tar.gz"
url_api = "https://api.github.com/repos/astral-sh/uv/releases/assets/599238034"
provenance = "github-attestations"

[tools.uv."platforms.macos-arm64"]
checksum = "sha256:b88bda573e566ef9bced66b155fe0408626fbbc053aee1c30ba686f0728c9447"
url = "https://github.com/astral-sh/uv/releases/download/0.12.21/uv-aarch64-apple-darwin.tar.gz"
url_api = "https://api.github.com/repos/astral-sh/uv/releases/assets/599237829"
provenance = "github-attestations"

[tools.uv."platforms.macos-x64"]
checksum = "sha256:2b336763b396ec6afa20c5a8b083538ca7402445b868311979d740a4344c17d8"
url = "https://github.com/astral-sh/uv/releases/download/0.12.21/uv-x86_64-apple-darwin.tar.gz"
url_api = "https://api.github.com/repos/astral-sh/uv/releases/assets/599237993"
provenance = "github-attestations"

[tools.uv."platforms.macos-x64-baseline"]
checksum = "sha256:2b336763b396ec6afa20c5a8b083538ca7402445b868311979d740a4344c17d8"
url = "https://github.com/astral-sh/uv/releases/download/0.12.21/uv-x86_64-apple-darwin.tar.gz"
url_api = "https://api.github.com/repos/astral-sh/uv/releases/assets/599237993"
provenance = "github-attestations"

[tools.uv."platforms.windows-x64"]
checksum = "sha256:5d223efa0bf00208c3853246af09420419dfbd352536aa6bb8163d6170e23890"
url = "https://github.com/astral-sh/uv/releases/download/0.12.21/uv-x86_64-pc-windows-msvc.zip"
url_api = "https://api.github.com/repos/astral-sh/uv/releases/assets/599238008"
provenance = "github-attestations"

[tools.uv."platforms.windows-x64-baseline"]
checksum = "sha256:5d223efa0bf00208c3853246af09420419dfbd352536aa6bb8163d6170e23890"
url = "https://github.com/astral-sh/uv/releases/download/0.12.21/uv-x86_64-pc-windows-msvc.zip"
url_api = "https://api.github.com/repos/astral-sh/uv/releases/assets/599238008"
provenance = "github-attestations"
